// !$*UTF8*$!
{
	archiveVersion = 1;
	classes = {
	};
	objectVersion = 50;
	objects = {

/* Begin PBXBuildFile section */
		A1DEBCEA0DC5648DFF940405 /* Pods_CallstatsTests.framework in Frameworks */ = {isa = PBXBuildFile; fileRef = D636E581984ED68BC897F1B6 /* Pods_CallstatsTests.framework */; };
		D16B94D32D6F96045AC1A5E0 /* Pods_Callstats.framework in Frameworks */ = {isa = PBXBuildFile; fileRef = 4284182C7892A053DD5A3A45 /* Pods_Callstats.framework */; };
		DC1E6777215E49A100AE7E35 /* EventSenderTests.swift in Sources */ = {isa = PBXBuildFile; fileRef = DC1E6776215E49A100AE7E35 /* EventSenderTests.swift */; };
		DC1E677A215E586400AE7E35 /* DeviceEvent.swift in Sources */ = {isa = PBXBuildFile; fileRef = DC1E6779215E586400AE7E35 /* DeviceEvent.swift */; };
		DC1E677D215E58E000AE7E35 /* MediaDevice.swift in Sources */ = {isa = PBXBuildFile; fileRef = DC1E677C215E58E000AE7E35 /* MediaDevice.swift */; };
		DC1E6780215E5DA600AE7E35 /* FabricEvent.swift in Sources */ = {isa = PBXBuildFile; fileRef = DC1E677F215E5DA600AE7E35 /* FabricEvent.swift */; };
		DC1E6782215E5E1900AE7E35 /* IceCandidate.swift in Sources */ = {isa = PBXBuildFile; fileRef = DC1E6781215E5E1900AE7E35 /* IceCandidate.swift */; };
		DC1E67842163E5EC00AE7E35 /* EndpointInfo.swift in Sources */ = {isa = PBXBuildFile; fileRef = DC1E67832163E5EC00AE7E35 /* EndpointInfo.swift */; };
		DC1E67862163E6B600AE7E35 /* Feedback.swift in Sources */ = {isa = PBXBuildFile; fileRef = DC1E67852163E6B600AE7E35 /* Feedback.swift */; };
		DC1E67882164F09800AE7E35 /* Ssrc.swift in Sources */ = {isa = PBXBuildFile; fileRef = DC1E67872164F09800AE7E35 /* Ssrc.swift */; };
		DC1E678A2164F68C00AE7E35 /* RTCSessionDescription.swift in Sources */ = {isa = PBXBuildFile; fileRef = DC1E67892164F68C00AE7E35 /* RTCSessionDescription.swift */; };
		DC1E678C2165173600AE7E35 /* FabricSetupEvent.swift in Sources */ = {isa = PBXBuildFile; fileRef = DC1E678B2165173600AE7E35 /* FabricSetupEvent.swift */; };
		DC1E678E2165185900AE7E35 /* IceCandidatePair.swift in Sources */ = {isa = PBXBuildFile; fileRef = DC1E678D2165185900AE7E35 /* IceCandidatePair.swift */; };
		DC1E679021651D1F00AE7E35 /* FabricSetupFailedEvent.swift in Sources */ = {isa = PBXBuildFile; fileRef = DC1E678F21651D1F00AE7E35 /* FabricSetupFailedEvent.swift */; };
		DC1E679221651DED00AE7E35 /* FabricStateChangeEvent.swift in Sources */ = {isa = PBXBuildFile; fileRef = DC1E679121651DED00AE7E35 /* FabricStateChangeEvent.swift */; };
		DC1E679421651E8400AE7E35 /* FabricTransportChangeEvent.swift in Sources */ = {isa = PBXBuildFile; fileRef = DC1E679321651E8400AE7E35 /* FabricTransportChangeEvent.swift */; };
		DC1E679621651FB700AE7E35 /* FabricActionEvent.swift in Sources */ = {isa = PBXBuildFile; fileRef = DC1E679521651FB700AE7E35 /* FabricActionEvent.swift */; };
		DC1E67982165204600AE7E35 /* FabricDroppedEvent.swift in Sources */ = {isa = PBXBuildFile; fileRef = DC1E67972165204600AE7E35 /* FabricDroppedEvent.swift */; };
		DC1E679A216520FA00AE7E35 /* FabricTerminatedEvent.swift in Sources */ = {isa = PBXBuildFile; fileRef = DC1E6799216520FA00AE7E35 /* FabricTerminatedEvent.swift */; };
		DC1E679C21687C0300AE7E35 /* FabricInterceptor.swift in Sources */ = {isa = PBXBuildFile; fileRef = DC1E679B21687C0300AE7E35 /* FabricInterceptor.swift */; };
		DC1E679E2168B8DC00AE7E35 /* RTCPeerConnection.swift in Sources */ = {isa = PBXBuildFile; fileRef = DC1E679D2168B8DC00AE7E35 /* RTCPeerConnection.swift */; };
		DC1E67A02168C49F00AE7E35 /* RTCStats.swift in Sources */ = {isa = PBXBuildFile; fileRef = DC1E679F2168C49F00AE7E35 /* RTCStats.swift */; };
		DC1E67A32168E16400AE7E35 /* FabricInterceptorTests.swift in Sources */ = {isa = PBXBuildFile; fileRef = DC1E67A22168E16400AE7E35 /* FabricInterceptorTests.swift */; };
		DC3BA41420A86305004C2F77 /* CsioUtils.swift in Sources */ = {isa = PBXBuildFile; fileRef = DC3BA41320A86305004C2F77 /* CsioUtils.swift */; };
		DC3BA41620AFE087004C2F77 /* CallViewController.swift in Sources */ = {isa = PBXBuildFile; fileRef = DC3BA41520AFE087004C2F77 /* CallViewController.swift */; };
		DC3BA41720B01093004C2F77 /* MainViewController.swift in Sources */ = {isa = PBXBuildFile; fileRef = DC5D4E0220A7E83600EDD5D7 /* MainViewController.swift */; };
		DC5D4E0120A7E83600EDD5D7 /* AppDelegate.swift in Sources */ = {isa = PBXBuildFile; fileRef = DC5D4E0020A7E83600EDD5D7 /* AppDelegate.swift */; };
		DC5D4E0620A7E83600EDD5D7 /* Main.storyboard in Resources */ = {isa = PBXBuildFile; fileRef = DC5D4E0420A7E83600EDD5D7 /* Main.storyboard */; };
		DC5D4E0820A7E83800EDD5D7 /* Assets.xcassets in Resources */ = {isa = PBXBuildFile; fileRef = DC5D4E0720A7E83800EDD5D7 /* Assets.xcassets */; };
		DC5D4E0B20A7E83800EDD5D7 /* LaunchScreen.storyboard in Resources */ = {isa = PBXBuildFile; fileRef = DC5D4E0920A7E83800EDD5D7 /* LaunchScreen.storyboard */; };
		DC5D4E1620A7E83800EDD5D7 /* demoTests.swift in Sources */ = {isa = PBXBuildFile; fileRef = DC5D4E1520A7E83800EDD5D7 /* demoTests.swift */; };
		DC5D4E2220A7E9E000EDD5D7 /* CsioSignaling.swift in Sources */ = {isa = PBXBuildFile; fileRef = DC5D4E2120A7E9E000EDD5D7 /* CsioSignaling.swift */; };
		DC5D4E2420A7EFE900EDD5D7 /* CsioSignalingDelegate.swift in Sources */ = {isa = PBXBuildFile; fileRef = DC5D4E2320A7EFE900EDD5D7 /* CsioSignalingDelegate.swift */; };
		DC5D4E2620A7F9A500EDD5D7 /* CsioRTC.swift in Sources */ = {isa = PBXBuildFile; fileRef = DC5D4E2520A7F9A500EDD5D7 /* CsioRTC.swift */; };
		DC5D4E2820A800E100EDD5D7 /* CsioRTCDelegate.swift in Sources */ = {isa = PBXBuildFile; fileRef = DC5D4E2720A800E100EDD5D7 /* CsioRTCDelegate.swift */; };
		DC9D191221577EEF00E95EFE /* EventSendingOperation.swift in Sources */ = {isa = PBXBuildFile; fileRef = DC9D191121577EEF00E95EFE /* EventSendingOperation.swift */; };
		DC9D191521578C7200E95EFE /* EventTests.swift in Sources */ = {isa = PBXBuildFile; fileRef = DC9D191421578C7200E95EFE /* EventTests.swift */; };
		DC9D19172157DBAB00E95EFE /* HttpClient.swift in Sources */ = {isa = PBXBuildFile; fileRef = DC9D19162157DBAB00E95EFE /* HttpClient.swift */; };
		DC9D19192157EAE800E95EFE /* Date.swift in Sources */ = {isa = PBXBuildFile; fileRef = DC9D19182157EAE800E95EFE /* Date.swift */; };
		DC9D191B21592E1100E95EFE /* EventSendingOperationTests.swift in Sources */ = {isa = PBXBuildFile; fileRef = DC9D191A21592E1100E95EFE /* EventSendingOperationTests.swift */; };
		DCC9A01621551D4800A279CA /* Callstats.framework in Frameworks */ = {isa = PBXBuildFile; fileRef = DCC9A00D21551D4800A279CA /* Callstats.framework */; };
		DCC9A01D21551D4800A279CA /* CallstatsTests.swift in Sources */ = {isa = PBXBuildFile; fileRef = DCC9A01C21551D4800A279CA /* CallstatsTests.swift */; };
		DCC9A01F21551D4800A279CA /* Callstats.h in Headers */ = {isa = PBXBuildFile; fileRef = DCC9A00F21551D4800A279CA /* Callstats.h */; settings = {ATTRIBUTES = (Public, ); }; };
		DCC9A02B21551E4700A279CA /* Callstats.swift in Sources */ = {isa = PBXBuildFile; fileRef = DCC9A02A21551E4700A279CA /* Callstats.swift */; };
		DCC9A02E21553D3100A279CA /* Interceptor.swift in Sources */ = {isa = PBXBuildFile; fileRef = DCC9A02D21553D3100A279CA /* Interceptor.swift */; };
		DCC9A0302155410000A279CA /* CallstatsEvents.swift in Sources */ = {isa = PBXBuildFile; fileRef = DCC9A02F2155410000A279CA /* CallstatsEvents.swift */; };
		DCC9A03221554D8900A279CA /* CallstatsConfig.swift in Sources */ = {isa = PBXBuildFile; fileRef = DCC9A03121554D8900A279CA /* CallstatsConfig.swift */; };
		DCC9A03521562C0D00A279CA /* Event.swift in Sources */ = {isa = PBXBuildFile; fileRef = DCC9A03421562C0D00A279CA /* Event.swift */; };
		DCC9A03721562C3300A279CA /* EventSender.swift in Sources */ = {isa = PBXBuildFile; fileRef = DCC9A03621562C3300A279CA /* EventSender.swift */; };
		DCC9A03921562DA700A279CA /* CallstatsInjector.swift in Sources */ = {isa = PBXBuildFile; fileRef = DCC9A03821562DA700A279CA /* CallstatsInjector.swift */; };
		DCC9A03C2156313500A279CA /* TokenRequest.swift in Sources */ = {isa = PBXBuildFile; fileRef = DCC9A03B2156313500A279CA /* TokenRequest.swift */; };
		DCF52D2320B1A42B00B2C6DE /* CsioRTCCameraCapturer.swift in Sources */ = {isa = PBXBuildFile; fileRef = DCF52D2220B1A42B00B2C6DE /* CsioRTCCameraCapturer.swift */; };
		DCF52D2520B1C63900B2C6DE /* CsioRTCVideoView.swift in Sources */ = {isa = PBXBuildFile; fileRef = DCF52D2420B1C63900B2C6DE /* CsioRTCVideoView.swift */; };
		FD1F6860233DE597CFC001F4 /* Pods_demo.framework in Frameworks */ = {isa = PBXBuildFile; fileRef = 2E1696047E7DC3EFDA56299A /* Pods_demo.framework */; };
/* End PBXBuildFile section */

/* Begin PBXContainerItemProxy section */
		DC1E67A42168EDF600AE7E35 /* PBXContainerItemProxy */ = {
			isa = PBXContainerItemProxy;
			containerPortal = DC5D4DF520A7E83600EDD5D7 /* Project object */;
			proxyType = 1;
			remoteGlobalIDString = DC5D4DFC20A7E83600EDD5D7;
			remoteInfo = demo;
		};
		DC5D4E1220A7E83800EDD5D7 /* PBXContainerItemProxy */ = {
			isa = PBXContainerItemProxy;
			containerPortal = DC5D4DF520A7E83600EDD5D7 /* Project object */;
			proxyType = 1;
			remoteGlobalIDString = DC5D4DFC20A7E83600EDD5D7;
			remoteInfo = demo;
		};
		DCC9A01721551D4800A279CA /* PBXContainerItemProxy */ = {
			isa = PBXContainerItemProxy;
			containerPortal = DC5D4DF520A7E83600EDD5D7 /* Project object */;
			proxyType = 1;
			remoteGlobalIDString = DCC9A00C21551D4800A279CA;
			remoteInfo = Callstats;
		};
/* End PBXContainerItemProxy section */

/* Begin PBXFileReference section */
		1B1A7D711B11EA5468B76160 /* Pods-Callstats.release.xcconfig */ = {isa = PBXFileReference; includeInIndex = 1; lastKnownFileType = text.xcconfig; name = "Pods-Callstats.release.xcconfig"; path = "Pods/Target Support Files/Pods-Callstats/Pods-Callstats.release.xcconfig"; sourceTree = "<group>"; };
		2E1696047E7DC3EFDA56299A /* Pods_demo.framework */ = {isa = PBXFileReference; explicitFileType = wrapper.framework; includeInIndex = 0; path = Pods_demo.framework; sourceTree = BUILT_PRODUCTS_DIR; };
		31DCC6DA845E727677657F33 /* Pods-demo.release.xcconfig */ = {isa = PBXFileReference; includeInIndex = 1; lastKnownFileType = text.xcconfig; name = "Pods-demo.release.xcconfig"; path = "Pods/Target Support Files/Pods-demo/Pods-demo.release.xcconfig"; sourceTree = "<group>"; };
		3ECCB7E0A68E0DBCBC7D5C04 /* Pods-CallstatsTests.debug.xcconfig */ = {isa = PBXFileReference; includeInIndex = 1; lastKnownFileType = text.xcconfig; name = "Pods-CallstatsTests.debug.xcconfig"; path = "Pods/Target Support Files/Pods-CallstatsTests/Pods-CallstatsTests.debug.xcconfig"; sourceTree = "<group>"; };
		4284182C7892A053DD5A3A45 /* Pods_Callstats.framework */ = {isa = PBXFileReference; explicitFileType = wrapper.framework; includeInIndex = 0; path = Pods_Callstats.framework; sourceTree = BUILT_PRODUCTS_DIR; };
		88AF036F70D971D019000EF4 /* Pods-Callstats.debug.xcconfig */ = {isa = PBXFileReference; includeInIndex = 1; lastKnownFileType = text.xcconfig; name = "Pods-Callstats.debug.xcconfig"; path = "Pods/Target Support Files/Pods-Callstats/Pods-Callstats.debug.xcconfig"; sourceTree = "<group>"; };
		8A9A26D1F3F8F01CC01B7206 /* Pods-CallstatsTests.release.xcconfig */ = {isa = PBXFileReference; includeInIndex = 1; lastKnownFileType = text.xcconfig; name = "Pods-CallstatsTests.release.xcconfig"; path = "Pods/Target Support Files/Pods-CallstatsTests/Pods-CallstatsTests.release.xcconfig"; sourceTree = "<group>"; };
		D636E581984ED68BC897F1B6 /* Pods_CallstatsTests.framework */ = {isa = PBXFileReference; explicitFileType = wrapper.framework; includeInIndex = 0; path = Pods_CallstatsTests.framework; sourceTree = BUILT_PRODUCTS_DIR; };
		DC1E6776215E49A100AE7E35 /* EventSenderTests.swift */ = {isa = PBXFileReference; lastKnownFileType = sourcecode.swift; path = EventSenderTests.swift; sourceTree = "<group>"; };
		DC1E6779215E586400AE7E35 /* DeviceEvent.swift */ = {isa = PBXFileReference; lastKnownFileType = sourcecode.swift; path = DeviceEvent.swift; sourceTree = "<group>"; };
		DC1E677C215E58E000AE7E35 /* MediaDevice.swift */ = {isa = PBXFileReference; lastKnownFileType = sourcecode.swift; path = MediaDevice.swift; sourceTree = "<group>"; };
		DC1E677F215E5DA600AE7E35 /* FabricEvent.swift */ = {isa = PBXFileReference; lastKnownFileType = sourcecode.swift; path = FabricEvent.swift; sourceTree = "<group>"; };
		DC1E6781215E5E1900AE7E35 /* IceCandidate.swift */ = {isa = PBXFileReference; lastKnownFileType = sourcecode.swift; path = IceCandidate.swift; sourceTree = "<group>"; };
		DC1E67832163E5EC00AE7E35 /* EndpointInfo.swift */ = {isa = PBXFileReference; lastKnownFileType = sourcecode.swift; path = EndpointInfo.swift; sourceTree = "<group>"; };
		DC1E67852163E6B600AE7E35 /* Feedback.swift */ = {isa = PBXFileReference; lastKnownFileType = sourcecode.swift; path = Feedback.swift; sourceTree = "<group>"; };
		DC1E67872164F09800AE7E35 /* Ssrc.swift */ = {isa = PBXFileReference; lastKnownFileType = sourcecode.swift; path = Ssrc.swift; sourceTree = "<group>"; };
		DC1E67892164F68C00AE7E35 /* RTCSessionDescription.swift */ = {isa = PBXFileReference; lastKnownFileType = sourcecode.swift; path = RTCSessionDescription.swift; sourceTree = "<group>"; };
		DC1E678B2165173600AE7E35 /* FabricSetupEvent.swift */ = {isa = PBXFileReference; lastKnownFileType = sourcecode.swift; path = FabricSetupEvent.swift; sourceTree = "<group>"; };
		DC1E678D2165185900AE7E35 /* IceCandidatePair.swift */ = {isa = PBXFileReference; lastKnownFileType = sourcecode.swift; path = IceCandidatePair.swift; sourceTree = "<group>"; };
		DC1E678F21651D1F00AE7E35 /* FabricSetupFailedEvent.swift */ = {isa = PBXFileReference; lastKnownFileType = sourcecode.swift; path = FabricSetupFailedEvent.swift; sourceTree = "<group>"; };
		DC1E679121651DED00AE7E35 /* FabricStateChangeEvent.swift */ = {isa = PBXFileReference; lastKnownFileType = sourcecode.swift; path = FabricStateChangeEvent.swift; sourceTree = "<group>"; };
		DC1E679321651E8400AE7E35 /* FabricTransportChangeEvent.swift */ = {isa = PBXFileReference; lastKnownFileType = sourcecode.swift; path = FabricTransportChangeEvent.swift; sourceTree = "<group>"; };
		DC1E679521651FB700AE7E35 /* FabricActionEvent.swift */ = {isa = PBXFileReference; lastKnownFileType = sourcecode.swift; path = FabricActionEvent.swift; sourceTree = "<group>"; };
		DC1E67972165204600AE7E35 /* FabricDroppedEvent.swift */ = {isa = PBXFileReference; lastKnownFileType = sourcecode.swift; path = FabricDroppedEvent.swift; sourceTree = "<group>"; };
		DC1E6799216520FA00AE7E35 /* FabricTerminatedEvent.swift */ = {isa = PBXFileReference; lastKnownFileType = sourcecode.swift; path = FabricTerminatedEvent.swift; sourceTree = "<group>"; };
		DC1E679B21687C0300AE7E35 /* FabricInterceptor.swift */ = {isa = PBXFileReference; lastKnownFileType = sourcecode.swift; path = FabricInterceptor.swift; sourceTree = "<group>"; };
		DC1E679D2168B8DC00AE7E35 /* RTCPeerConnection.swift */ = {isa = PBXFileReference; lastKnownFileType = sourcecode.swift; path = RTCPeerConnection.swift; sourceTree = "<group>"; };
		DC1E679F2168C49F00AE7E35 /* RTCStats.swift */ = {isa = PBXFileReference; lastKnownFileType = sourcecode.swift; path = RTCStats.swift; sourceTree = "<group>"; };
		DC1E67A22168E16400AE7E35 /* FabricInterceptorTests.swift */ = {isa = PBXFileReference; lastKnownFileType = sourcecode.swift; path = FabricInterceptorTests.swift; sourceTree = "<group>"; };
		DC3BA41320A86305004C2F77 /* CsioUtils.swift */ = {isa = PBXFileReference; lastKnownFileType = sourcecode.swift; path = CsioUtils.swift; sourceTree = "<group>"; };
		DC3BA41520AFE087004C2F77 /* CallViewController.swift */ = {isa = PBXFileReference; lastKnownFileType = sourcecode.swift; path = CallViewController.swift; sourceTree = "<group>"; };
		DC5D4DFD20A7E83600EDD5D7 /* demo.app */ = {isa = PBXFileReference; explicitFileType = wrapper.application; includeInIndex = 0; path = demo.app; sourceTree = BUILT_PRODUCTS_DIR; };
		DC5D4E0020A7E83600EDD5D7 /* AppDelegate.swift */ = {isa = PBXFileReference; lastKnownFileType = sourcecode.swift; path = AppDelegate.swift; sourceTree = "<group>"; };
		DC5D4E0220A7E83600EDD5D7 /* MainViewController.swift */ = {isa = PBXFileReference; lastKnownFileType = sourcecode.swift; path = MainViewController.swift; sourceTree = "<group>"; };
		DC5D4E0520A7E83600EDD5D7 /* Base */ = {isa = PBXFileReference; lastKnownFileType = file.storyboard; name = Base; path = Base.lproj/Main.storyboard; sourceTree = "<group>"; };
		DC5D4E0720A7E83800EDD5D7 /* Assets.xcassets */ = {isa = PBXFileReference; lastKnownFileType = folder.assetcatalog; path = Assets.xcassets; sourceTree = "<group>"; };
		DC5D4E0A20A7E83800EDD5D7 /* Base */ = {isa = PBXFileReference; lastKnownFileType = file.storyboard; name = Base; path = Base.lproj/LaunchScreen.storyboard; sourceTree = "<group>"; };
		DC5D4E0C20A7E83800EDD5D7 /* Info.plist */ = {isa = PBXFileReference; lastKnownFileType = text.plist.xml; path = Info.plist; sourceTree = "<group>"; };
		DC5D4E1120A7E83800EDD5D7 /* demoTests.xctest */ = {isa = PBXFileReference; explicitFileType = wrapper.cfbundle; includeInIndex = 0; path = demoTests.xctest; sourceTree = BUILT_PRODUCTS_DIR; };
		DC5D4E1520A7E83800EDD5D7 /* demoTests.swift */ = {isa = PBXFileReference; lastKnownFileType = sourcecode.swift; path = demoTests.swift; sourceTree = "<group>"; };
		DC5D4E1720A7E83800EDD5D7 /* Info.plist */ = {isa = PBXFileReference; lastKnownFileType = text.plist.xml; path = Info.plist; sourceTree = "<group>"; };
		DC5D4E2120A7E9E000EDD5D7 /* CsioSignaling.swift */ = {isa = PBXFileReference; lastKnownFileType = sourcecode.swift; path = CsioSignaling.swift; sourceTree = "<group>"; };
		DC5D4E2320A7EFE900EDD5D7 /* CsioSignalingDelegate.swift */ = {isa = PBXFileReference; lastKnownFileType = sourcecode.swift; path = CsioSignalingDelegate.swift; sourceTree = "<group>"; };
		DC5D4E2520A7F9A500EDD5D7 /* CsioRTC.swift */ = {isa = PBXFileReference; lastKnownFileType = sourcecode.swift; path = CsioRTC.swift; sourceTree = "<group>"; };
		DC5D4E2720A800E100EDD5D7 /* CsioRTCDelegate.swift */ = {isa = PBXFileReference; lastKnownFileType = sourcecode.swift; path = CsioRTCDelegate.swift; sourceTree = "<group>"; };
		DC9D191121577EEF00E95EFE /* EventSendingOperation.swift */ = {isa = PBXFileReference; lastKnownFileType = sourcecode.swift; path = EventSendingOperation.swift; sourceTree = "<group>"; };
		DC9D191421578C7200E95EFE /* EventTests.swift */ = {isa = PBXFileReference; lastKnownFileType = sourcecode.swift; path = EventTests.swift; sourceTree = "<group>"; };
		DC9D19162157DBAB00E95EFE /* HttpClient.swift */ = {isa = PBXFileReference; lastKnownFileType = sourcecode.swift; path = HttpClient.swift; sourceTree = "<group>"; };
		DC9D19182157EAE800E95EFE /* Date.swift */ = {isa = PBXFileReference; lastKnownFileType = sourcecode.swift; path = Date.swift; sourceTree = "<group>"; };
		DC9D191A21592E1100E95EFE /* EventSendingOperationTests.swift */ = {isa = PBXFileReference; lastKnownFileType = sourcecode.swift; path = EventSendingOperationTests.swift; sourceTree = "<group>"; };
		DCC9A00D21551D4800A279CA /* Callstats.framework */ = {isa = PBXFileReference; explicitFileType = wrapper.framework; includeInIndex = 0; path = Callstats.framework; sourceTree = BUILT_PRODUCTS_DIR; };
		DCC9A00F21551D4800A279CA /* Callstats.h */ = {isa = PBXFileReference; lastKnownFileType = sourcecode.c.h; path = Callstats.h; sourceTree = "<group>"; };
		DCC9A01021551D4800A279CA /* Info.plist */ = {isa = PBXFileReference; lastKnownFileType = text.plist.xml; path = Info.plist; sourceTree = "<group>"; };
		DCC9A01521551D4800A279CA /* CallstatsTests.xctest */ = {isa = PBXFileReference; explicitFileType = wrapper.cfbundle; includeInIndex = 0; path = CallstatsTests.xctest; sourceTree = BUILT_PRODUCTS_DIR; };
		DCC9A01C21551D4800A279CA /* CallstatsTests.swift */ = {isa = PBXFileReference; lastKnownFileType = sourcecode.swift; path = CallstatsTests.swift; sourceTree = "<group>"; };
		DCC9A01E21551D4800A279CA /* Info.plist */ = {isa = PBXFileReference; lastKnownFileType = text.plist.xml; path = Info.plist; sourceTree = "<group>"; };
		DCC9A02A21551E4700A279CA /* Callstats.swift */ = {isa = PBXFileReference; lastKnownFileType = sourcecode.swift; path = Callstats.swift; sourceTree = "<group>"; };
		DCC9A02D21553D3100A279CA /* Interceptor.swift */ = {isa = PBXFileReference; lastKnownFileType = sourcecode.swift; path = Interceptor.swift; sourceTree = "<group>"; };
		DCC9A02F2155410000A279CA /* CallstatsEvents.swift */ = {isa = PBXFileReference; lastKnownFileType = sourcecode.swift; path = CallstatsEvents.swift; sourceTree = "<group>"; };
		DCC9A03121554D8900A279CA /* CallstatsConfig.swift */ = {isa = PBXFileReference; lastKnownFileType = sourcecode.swift; path = CallstatsConfig.swift; sourceTree = "<group>"; };
		DCC9A03421562C0D00A279CA /* Event.swift */ = {isa = PBXFileReference; lastKnownFileType = sourcecode.swift; path = Event.swift; sourceTree = "<group>"; };
		DCC9A03621562C3300A279CA /* EventSender.swift */ = {isa = PBXFileReference; lastKnownFileType = sourcecode.swift; path = EventSender.swift; sourceTree = "<group>"; };
		DCC9A03821562DA700A279CA /* CallstatsInjector.swift */ = {isa = PBXFileReference; lastKnownFileType = sourcecode.swift; path = CallstatsInjector.swift; sourceTree = "<group>"; };
		DCC9A03B2156313500A279CA /* TokenRequest.swift */ = {isa = PBXFileReference; lastKnownFileType = sourcecode.swift; path = TokenRequest.swift; sourceTree = "<group>"; };
		DCF52D2220B1A42B00B2C6DE /* CsioRTCCameraCapturer.swift */ = {isa = PBXFileReference; lastKnownFileType = sourcecode.swift; path = CsioRTCCameraCapturer.swift; sourceTree = "<group>"; };
		DCF52D2420B1C63900B2C6DE /* CsioRTCVideoView.swift */ = {isa = PBXFileReference; lastKnownFileType = sourcecode.swift; path = CsioRTCVideoView.swift; sourceTree = "<group>"; };
		F04780226D8E57AF557D2DFA /* Pods-demo.debug.xcconfig */ = {isa = PBXFileReference; includeInIndex = 1; lastKnownFileType = text.xcconfig; name = "Pods-demo.debug.xcconfig"; path = "Pods/Target Support Files/Pods-demo/Pods-demo.debug.xcconfig"; sourceTree = "<group>"; };
/* End PBXFileReference section */

/* Begin PBXFrameworksBuildPhase section */
		DC5D4DFA20A7E83600EDD5D7 /* Frameworks */ = {
			isa = PBXFrameworksBuildPhase;
			buildActionMask = 2147483647;
			files = (
				FD1F6860233DE597CFC001F4 /* Pods_demo.framework in Frameworks */,
			);
			runOnlyForDeploymentPostprocessing = 0;
		};
		DC5D4E0E20A7E83800EDD5D7 /* Frameworks */ = {
			isa = PBXFrameworksBuildPhase;
			buildActionMask = 2147483647;
			files = (
			);
			runOnlyForDeploymentPostprocessing = 0;
		};
		DCC9A00A21551D4800A279CA /* Frameworks */ = {
			isa = PBXFrameworksBuildPhase;
			buildActionMask = 2147483647;
			files = (
				D16B94D32D6F96045AC1A5E0 /* Pods_Callstats.framework in Frameworks */,
			);
			runOnlyForDeploymentPostprocessing = 0;
		};
		DCC9A01221551D4800A279CA /* Frameworks */ = {
			isa = PBXFrameworksBuildPhase;
			buildActionMask = 2147483647;
			files = (
				DCC9A01621551D4800A279CA /* Callstats.framework in Frameworks */,
				A1DEBCEA0DC5648DFF940405 /* Pods_CallstatsTests.framework in Frameworks */,
			);
			runOnlyForDeploymentPostprocessing = 0;
		};
/* End PBXFrameworksBuildPhase section */

/* Begin PBXGroup section */
		29327B77F1D4C47739BCF199 /* Frameworks */ = {
			isa = PBXGroup;
			children = (
				2E1696047E7DC3EFDA56299A /* Pods_demo.framework */,
				4284182C7892A053DD5A3A45 /* Pods_Callstats.framework */,
				D636E581984ED68BC897F1B6 /* Pods_CallstatsTests.framework */,
			);
			name = Frameworks;
			sourceTree = "<group>";
		};
		DC1E6778215E584C00AE7E35 /* Device */ = {
			isa = PBXGroup;
			children = (
				DC1E6779215E586400AE7E35 /* DeviceEvent.swift */,
			);
			path = Device;
			sourceTree = "<group>";
		};
		DC1E677B215E58D600AE7E35 /* Info */ = {
			isa = PBXGroup;
			children = (
				DC1E67832163E5EC00AE7E35 /* EndpointInfo.swift */,
				DC1E67852163E6B600AE7E35 /* Feedback.swift */,
				DC1E6781215E5E1900AE7E35 /* IceCandidate.swift */,
				DC1E677C215E58E000AE7E35 /* MediaDevice.swift */,
				DC1E67872164F09800AE7E35 /* Ssrc.swift */,
				DC1E678D2165185900AE7E35 /* IceCandidatePair.swift */,
			);
			path = Info;
			sourceTree = "<group>";
		};
		DC1E677E215E5D8B00AE7E35 /* Fabric */ = {
			isa = PBXGroup;
			children = (
				DC1E677F215E5DA600AE7E35 /* FabricEvent.swift */,
				DC1E678B2165173600AE7E35 /* FabricSetupEvent.swift */,
				DC1E678F21651D1F00AE7E35 /* FabricSetupFailedEvent.swift */,
				DC1E679121651DED00AE7E35 /* FabricStateChangeEvent.swift */,
				DC1E679321651E8400AE7E35 /* FabricTransportChangeEvent.swift */,
				DC1E679521651FB700AE7E35 /* FabricActionEvent.swift */,
				DC1E67972165204600AE7E35 /* FabricDroppedEvent.swift */,
				DC1E6799216520FA00AE7E35 /* FabricTerminatedEvent.swift */,
			);
			path = Fabric;
			sourceTree = "<group>";
		};
		DC1E67A12168E14400AE7E35 /* Interceptor */ = {
			isa = PBXGroup;
			children = (
				DC1E67A22168E16400AE7E35 /* FabricInterceptorTests.swift */,
			);
			path = Interceptor;
			sourceTree = "<group>";
		};
		DC5D4DF420A7E83600EDD5D7 = {
			isa = PBXGroup;
			children = (
				DC5D4DFF20A7E83600EDD5D7 /* demo */,
				DC5D4E1420A7E83800EDD5D7 /* demoTests */,
				DCC9A00E21551D4800A279CA /* Callstats */,
				DCC9A01B21551D4800A279CA /* CallstatsTests */,
				DC5D4DFE20A7E83600EDD5D7 /* Products */,
				EE5D2CEA3763AB69E6971521 /* Pods */,
				29327B77F1D4C47739BCF199 /* Frameworks */,
			);
			sourceTree = "<group>";
		};
		DC5D4DFE20A7E83600EDD5D7 /* Products */ = {
			isa = PBXGroup;
			children = (
				DC5D4DFD20A7E83600EDD5D7 /* demo.app */,
				DC5D4E1120A7E83800EDD5D7 /* demoTests.xctest */,
				DCC9A00D21551D4800A279CA /* Callstats.framework */,
				DCC9A01521551D4800A279CA /* CallstatsTests.xctest */,
			);
			name = Products;
			sourceTree = "<group>";
		};
		DC5D4DFF20A7E83600EDD5D7 /* demo */ = {
			isa = PBXGroup;
			children = (
				DC5D4E2020A7E9C900EDD5D7 /* csiortc */,
				DC5D4E0020A7E83600EDD5D7 /* AppDelegate.swift */,
				DC5D4E0720A7E83800EDD5D7 /* Assets.xcassets */,
				DC5D4E0920A7E83800EDD5D7 /* LaunchScreen.storyboard */,
				DC5D4E0420A7E83600EDD5D7 /* Main.storyboard */,
				DC5D4E0C20A7E83800EDD5D7 /* Info.plist */,
				DC5D4E0220A7E83600EDD5D7 /* MainViewController.swift */,
				DC3BA41520AFE087004C2F77 /* CallViewController.swift */,
			);
			path = demo;
			sourceTree = "<group>";
		};
		DC5D4E1420A7E83800EDD5D7 /* demoTests */ = {
			isa = PBXGroup;
			children = (
				DC5D4E1520A7E83800EDD5D7 /* demoTests.swift */,
				DC5D4E1720A7E83800EDD5D7 /* Info.plist */,
			);
			path = demoTests;
			sourceTree = "<group>";
		};
		DC5D4E2020A7E9C900EDD5D7 /* csiortc */ = {
			isa = PBXGroup;
			children = (
				DC5D4E2120A7E9E000EDD5D7 /* CsioSignaling.swift */,
				DC5D4E2320A7EFE900EDD5D7 /* CsioSignalingDelegate.swift */,
				DC5D4E2520A7F9A500EDD5D7 /* CsioRTC.swift */,
				DC5D4E2720A800E100EDD5D7 /* CsioRTCDelegate.swift */,
				DCF52D2220B1A42B00B2C6DE /* CsioRTCCameraCapturer.swift */,
				DCF52D2420B1C63900B2C6DE /* CsioRTCVideoView.swift */,
				DC3BA41320A86305004C2F77 /* CsioUtils.swift */,
			);
			path = csiortc;
			sourceTree = "<group>";
		};
		DC9D191321578C4F00E95EFE /* Event */ = {
			isa = PBXGroup;
			children = (
				DC9D191421578C7200E95EFE /* EventTests.swift */,
				DC9D191A21592E1100E95EFE /* EventSendingOperationTests.swift */,
				DC1E6776215E49A100AE7E35 /* EventSenderTests.swift */,
			);
			path = Event;
			sourceTree = "<group>";
		};
		DCC9A00E21551D4800A279CA /* Callstats */ = {
			isa = PBXGroup;
			children = (
				DCC9A03321562BE600A279CA /* Event */,
				DCC9A02C21553D1300A279CA /* Interceptor */,
				DCC9A03D21563DD500A279CA /* Utils */,
				DCC9A00F21551D4800A279CA /* Callstats.h */,
				DCC9A01021551D4800A279CA /* Info.plist */,
				DCC9A02A21551E4700A279CA /* Callstats.swift */,
				DCC9A02F2155410000A279CA /* CallstatsEvents.swift */,
				DCC9A03121554D8900A279CA /* CallstatsConfig.swift */,
				DCC9A03821562DA700A279CA /* CallstatsInjector.swift */,
			);
			path = Callstats;
			sourceTree = "<group>";
		};
		DCC9A01B21551D4800A279CA /* CallstatsTests */ = {
			isa = PBXGroup;
			children = (
				DC9D191321578C4F00E95EFE /* Event */,
				DC1E67A12168E14400AE7E35 /* Interceptor */,
				DCC9A01C21551D4800A279CA /* CallstatsTests.swift */,
				DCC9A01E21551D4800A279CA /* Info.plist */,
			);
			path = CallstatsTests;
			sourceTree = "<group>";
		};
		DCC9A02C21553D1300A279CA /* Interceptor */ = {
			isa = PBXGroup;
			children = (
				DCC9A02D21553D3100A279CA /* Interceptor.swift */,
				DC1E679B21687C0300AE7E35 /* FabricInterceptor.swift */,
			);
			path = Interceptor;
			sourceTree = "<group>";
		};
		DCC9A03321562BE600A279CA /* Event */ = {
			isa = PBXGroup;
			children = (
				DC1E677E215E5D8B00AE7E35 /* Fabric */,
				DC1E677B215E58D600AE7E35 /* Info */,
				DC1E6778215E584C00AE7E35 /* Device */,
				DCC9A03A2156312000A279CA /* Auth */,
				DCC9A03421562C0D00A279CA /* Event.swift */,
				DCC9A03621562C3300A279CA /* EventSender.swift */,
				DC9D191121577EEF00E95EFE /* EventSendingOperation.swift */,
			);
			path = Event;
			sourceTree = "<group>";
		};
		DCC9A03A2156312000A279CA /* Auth */ = {
			isa = PBXGroup;
			children = (
				DCC9A03B2156313500A279CA /* TokenRequest.swift */,
			);
			path = Auth;
			sourceTree = "<group>";
		};
		DCC9A03D21563DD500A279CA /* Utils */ = {
			isa = PBXGroup;
			children = (
				DC9D19162157DBAB00E95EFE /* HttpClient.swift */,
				DC9D19182157EAE800E95EFE /* Date.swift */,
				DC1E67892164F68C00AE7E35 /* RTCSessionDescription.swift */,
				DC1E679D2168B8DC00AE7E35 /* RTCPeerConnection.swift */,
				DC1E679F2168C49F00AE7E35 /* RTCStats.swift */,
			);
			path = Utils;
			sourceTree = "<group>";
		};
		EE5D2CEA3763AB69E6971521 /* Pods */ = {
			isa = PBXGroup;
			children = (
				F04780226D8E57AF557D2DFA /* Pods-demo.debug.xcconfig */,
				31DCC6DA845E727677657F33 /* Pods-demo.release.xcconfig */,
				88AF036F70D971D019000EF4 /* Pods-Callstats.debug.xcconfig */,
				1B1A7D711B11EA5468B76160 /* Pods-Callstats.release.xcconfig */,
				3ECCB7E0A68E0DBCBC7D5C04 /* Pods-CallstatsTests.debug.xcconfig */,
				8A9A26D1F3F8F01CC01B7206 /* Pods-CallstatsTests.release.xcconfig */,
			);
			name = Pods;
			sourceTree = "<group>";
		};
/* End PBXGroup section */

/* Begin PBXHeadersBuildPhase section */
		DCC9A00821551D4800A279CA /* Headers */ = {
			isa = PBXHeadersBuildPhase;
			buildActionMask = 2147483647;
			files = (
				DCC9A01F21551D4800A279CA /* Callstats.h in Headers */,
			);
			runOnlyForDeploymentPostprocessing = 0;
		};
/* End PBXHeadersBuildPhase section */

/* Begin PBXNativeTarget section */
		DC5D4DFC20A7E83600EDD5D7 /* demo */ = {
			isa = PBXNativeTarget;
			buildConfigurationList = DC5D4E1A20A7E83800EDD5D7 /* Build configuration list for PBXNativeTarget "demo" */;
			buildPhases = (
				E1E63AF44CB07CE7742B500B /* [CP] Check Pods Manifest.lock */,
				DC5D4DF920A7E83600EDD5D7 /* Sources */,
				DC5D4DFA20A7E83600EDD5D7 /* Frameworks */,
				DC5D4DFB20A7E83600EDD5D7 /* Resources */,
				D3EA582DAB029EEE1DA4B036 /* [CP] Embed Pods Frameworks */,
			);
			buildRules = (
			);
			dependencies = (
			);
			name = demo;
			productName = demo;
			productReference = DC5D4DFD20A7E83600EDD5D7 /* demo.app */;
			productType = "com.apple.product-type.application";
		};
		DC5D4E1020A7E83800EDD5D7 /* demoTests */ = {
			isa = PBXNativeTarget;
			buildConfigurationList = DC5D4E1D20A7E83800EDD5D7 /* Build configuration list for PBXNativeTarget "demoTests" */;
			buildPhases = (
				DC5D4E0D20A7E83800EDD5D7 /* Sources */,
				DC5D4E0E20A7E83800EDD5D7 /* Frameworks */,
				DC5D4E0F20A7E83800EDD5D7 /* Resources */,
			);
			buildRules = (
			);
			dependencies = (
				DC5D4E1320A7E83800EDD5D7 /* PBXTargetDependency */,
			);
			name = demoTests;
			productName = demoTests;
			productReference = DC5D4E1120A7E83800EDD5D7 /* demoTests.xctest */;
			productType = "com.apple.product-type.bundle.unit-test";
		};
		DCC9A00C21551D4800A279CA /* Callstats */ = {
			isa = PBXNativeTarget;
			buildConfigurationList = DCC9A02421551D4800A279CA /* Build configuration list for PBXNativeTarget "Callstats" */;
			buildPhases = (
				819585072727B10AED942BF8 /* [CP] Check Pods Manifest.lock */,
				DCC9A00821551D4800A279CA /* Headers */,
				DCC9A00921551D4800A279CA /* Sources */,
				DCC9A00A21551D4800A279CA /* Frameworks */,
				DCC9A00B21551D4800A279CA /* Resources */,
			);
			buildRules = (
			);
			dependencies = (
			);
			name = Callstats;
			productName = Callstats;
			productReference = DCC9A00D21551D4800A279CA /* Callstats.framework */;
			productType = "com.apple.product-type.framework";
		};
		DCC9A01421551D4800A279CA /* CallstatsTests */ = {
			isa = PBXNativeTarget;
			buildConfigurationList = DCC9A02721551D4800A279CA /* Build configuration list for PBXNativeTarget "CallstatsTests" */;
			buildPhases = (
				750DE6F567288917DEDC52C7 /* [CP] Check Pods Manifest.lock */,
				DCC9A01121551D4800A279CA /* Sources */,
				DCC9A01221551D4800A279CA /* Frameworks */,
				DCC9A01321551D4800A279CA /* Resources */,
				08F6FCE86BF86DB08F9F69A0 /* [CP] Embed Pods Frameworks */,
			);
			buildRules = (
			);
			dependencies = (
				DCC9A01821551D4800A279CA /* PBXTargetDependency */,
				DC1E67A52168EDF600AE7E35 /* PBXTargetDependency */,
			);
			name = CallstatsTests;
			productName = CallstatsTests;
			productReference = DCC9A01521551D4800A279CA /* CallstatsTests.xctest */;
			productType = "com.apple.product-type.bundle.unit-test";
		};
/* End PBXNativeTarget section */

/* Begin PBXProject section */
		DC5D4DF520A7E83600EDD5D7 /* Project object */ = {
			isa = PBXProject;
			attributes = {
				LastSwiftUpdateCheck = 1000;
				LastUpgradeCheck = 0930;
				ORGANIZATIONNAME = callstats;
				TargetAttributes = {
					DC5D4DFC20A7E83600EDD5D7 = {
						CreatedOnToolsVersion = 9.3.1;
					};
					DC5D4E1020A7E83800EDD5D7 = {
						CreatedOnToolsVersion = 9.3.1;
						TestTargetID = DC5D4DFC20A7E83600EDD5D7;
					};
					DCC9A00C21551D4800A279CA = {
						CreatedOnToolsVersion = 10.0;
						LastSwiftMigration = 1000;
					};
					DCC9A01421551D4800A279CA = {
						CreatedOnToolsVersion = 10.0;
						TestTargetID = DC5D4DFC20A7E83600EDD5D7;
					};
				};
			};
			buildConfigurationList = DC5D4DF820A7E83600EDD5D7 /* Build configuration list for PBXProject "callstats-ios" */;
			compatibilityVersion = "Xcode 9.3";
			developmentRegion = en;
			hasScannedForEncodings = 0;
			knownRegions = (
				en,
				Base,
			);
			mainGroup = DC5D4DF420A7E83600EDD5D7;
			productRefGroup = DC5D4DFE20A7E83600EDD5D7 /* Products */;
			projectDirPath = "";
			projectRoot = "";
			targets = (
				DC5D4DFC20A7E83600EDD5D7 /* demo */,
				DC5D4E1020A7E83800EDD5D7 /* demoTests */,
				DCC9A00C21551D4800A279CA /* Callstats */,
				DCC9A01421551D4800A279CA /* CallstatsTests */,
			);
		};
/* End PBXProject section */

/* Begin PBXResourcesBuildPhase section */
		DC5D4DFB20A7E83600EDD5D7 /* Resources */ = {
			isa = PBXResourcesBuildPhase;
			buildActionMask = 2147483647;
			files = (
				DC5D4E0B20A7E83800EDD5D7 /* LaunchScreen.storyboard in Resources */,
				DC5D4E0820A7E83800EDD5D7 /* Assets.xcassets in Resources */,
				DC5D4E0620A7E83600EDD5D7 /* Main.storyboard in Resources */,
			);
			runOnlyForDeploymentPostprocessing = 0;
		};
		DC5D4E0F20A7E83800EDD5D7 /* Resources */ = {
			isa = PBXResourcesBuildPhase;
			buildActionMask = 2147483647;
			files = (
			);
			runOnlyForDeploymentPostprocessing = 0;
		};
		DCC9A00B21551D4800A279CA /* Resources */ = {
			isa = PBXResourcesBuildPhase;
			buildActionMask = 2147483647;
			files = (
			);
			runOnlyForDeploymentPostprocessing = 0;
		};
		DCC9A01321551D4800A279CA /* Resources */ = {
			isa = PBXResourcesBuildPhase;
			buildActionMask = 2147483647;
			files = (
			);
			runOnlyForDeploymentPostprocessing = 0;
		};
/* End PBXResourcesBuildPhase section */

/* Begin PBXShellScriptBuildPhase section */
		08F6FCE86BF86DB08F9F69A0 /* [CP] Embed Pods Frameworks */ = {
			isa = PBXShellScriptBuildPhase;
			buildActionMask = 2147483647;
			files = (
			);
			inputPaths = (
				"${SRCROOT}/Pods/Target Support Files/Pods-CallstatsTests/Pods-CallstatsTests-frameworks.sh",
				"${PODS_ROOT}/GoogleWebRTC/Frameworks/frameworks/WebRTC.framework",
			);
			name = "[CP] Embed Pods Frameworks";
			outputPaths = (
				"${TARGET_BUILD_DIR}/${FRAMEWORKS_FOLDER_PATH}/WebRTC.framework",
			);
			runOnlyForDeploymentPostprocessing = 0;
			shellPath = /bin/sh;
			shellScript = "\"${SRCROOT}/Pods/Target Support Files/Pods-CallstatsTests/Pods-CallstatsTests-frameworks.sh\"\n";
			showEnvVarsInLog = 0;
		};
		750DE6F567288917DEDC52C7 /* [CP] Check Pods Manifest.lock */ = {
			isa = PBXShellScriptBuildPhase;
			buildActionMask = 2147483647;
			files = (
			);
			inputPaths = (
				"${PODS_PODFILE_DIR_PATH}/Podfile.lock",
				"${PODS_ROOT}/Manifest.lock",
			);
			name = "[CP] Check Pods Manifest.lock";
			outputPaths = (
				"$(DERIVED_FILE_DIR)/Pods-CallstatsTests-checkManifestLockResult.txt",
			);
			runOnlyForDeploymentPostprocessing = 0;
			shellPath = /bin/sh;
			shellScript = "diff \"${PODS_PODFILE_DIR_PATH}/Podfile.lock\" \"${PODS_ROOT}/Manifest.lock\" > /dev/null\nif [ $? != 0 ] ; then\n    # print error to STDERR\n    echo \"error: The sandbox is not in sync with the Podfile.lock. Run 'pod install' or update your CocoaPods installation.\" >&2\n    exit 1\nfi\n# This output is used by Xcode 'outputs' to avoid re-running this script phase.\necho \"SUCCESS\" > \"${SCRIPT_OUTPUT_FILE_0}\"\n";
			showEnvVarsInLog = 0;
		};
		819585072727B10AED942BF8 /* [CP] Check Pods Manifest.lock */ = {
			isa = PBXShellScriptBuildPhase;
			buildActionMask = 2147483647;
			files = (
			);
			inputPaths = (
				"${PODS_PODFILE_DIR_PATH}/Podfile.lock",
				"${PODS_ROOT}/Manifest.lock",
			);
			name = "[CP] Check Pods Manifest.lock";
			outputPaths = (
				"$(DERIVED_FILE_DIR)/Pods-Callstats-checkManifestLockResult.txt",
			);
			runOnlyForDeploymentPostprocessing = 0;
			shellPath = /bin/sh;
			shellScript = "diff \"${PODS_PODFILE_DIR_PATH}/Podfile.lock\" \"${PODS_ROOT}/Manifest.lock\" > /dev/null\nif [ $? != 0 ] ; then\n    # print error to STDERR\n    echo \"error: The sandbox is not in sync with the Podfile.lock. Run 'pod install' or update your CocoaPods installation.\" >&2\n    exit 1\nfi\n# This output is used by Xcode 'outputs' to avoid re-running this script phase.\necho \"SUCCESS\" > \"${SCRIPT_OUTPUT_FILE_0}\"\n";
			showEnvVarsInLog = 0;
		};
		D3EA582DAB029EEE1DA4B036 /* [CP] Embed Pods Frameworks */ = {
			isa = PBXShellScriptBuildPhase;
			buildActionMask = 2147483647;
			files = (
			);
			inputPaths = (
				"${SRCROOT}/Pods/Target Support Files/Pods-demo/Pods-demo-frameworks.sh",
				"${BUILT_PRODUCTS_DIR}/Callstats/Callstats.framework",
				"${PODS_ROOT}/GoogleWebRTC/Frameworks/frameworks/WebRTC.framework",
				"${BUILT_PRODUCTS_DIR}/Socket.IO-Client-Swift/SocketIO.framework",
				"${BUILT_PRODUCTS_DIR}/Starscream/Starscream.framework",
			);
			name = "[CP] Embed Pods Frameworks";
			outputPaths = (
				"${TARGET_BUILD_DIR}/${FRAMEWORKS_FOLDER_PATH}/Callstats.framework",
				"${TARGET_BUILD_DIR}/${FRAMEWORKS_FOLDER_PATH}/WebRTC.framework",
				"${TARGET_BUILD_DIR}/${FRAMEWORKS_FOLDER_PATH}/SocketIO.framework",
				"${TARGET_BUILD_DIR}/${FRAMEWORKS_FOLDER_PATH}/Starscream.framework",
			);
			runOnlyForDeploymentPostprocessing = 0;
			shellPath = /bin/sh;
			shellScript = "\"${SRCROOT}/Pods/Target Support Files/Pods-demo/Pods-demo-frameworks.sh\"\n";
			showEnvVarsInLog = 0;
		};
		E1E63AF44CB07CE7742B500B /* [CP] Check Pods Manifest.lock */ = {
			isa = PBXShellScriptBuildPhase;
			buildActionMask = 2147483647;
			files = (
			);
			inputPaths = (
				"${PODS_PODFILE_DIR_PATH}/Podfile.lock",
				"${PODS_ROOT}/Manifest.lock",
			);
			name = "[CP] Check Pods Manifest.lock";
			outputPaths = (
				"$(DERIVED_FILE_DIR)/Pods-demo-checkManifestLockResult.txt",
			);
			runOnlyForDeploymentPostprocessing = 0;
			shellPath = /bin/sh;
			shellScript = "diff \"${PODS_PODFILE_DIR_PATH}/Podfile.lock\" \"${PODS_ROOT}/Manifest.lock\" > /dev/null\nif [ $? != 0 ] ; then\n    # print error to STDERR\n    echo \"error: The sandbox is not in sync with the Podfile.lock. Run 'pod install' or update your CocoaPods installation.\" >&2\n    exit 1\nfi\n# This output is used by Xcode 'outputs' to avoid re-running this script phase.\necho \"SUCCESS\" > \"${SCRIPT_OUTPUT_FILE_0}\"\n";
			showEnvVarsInLog = 0;
		};
/* End PBXShellScriptBuildPhase section */

/* Begin PBXSourcesBuildPhase section */
		DC5D4DF920A7E83600EDD5D7 /* Sources */ = {
			isa = PBXSourcesBuildPhase;
			buildActionMask = 2147483647;
			files = (
				DCF52D2520B1C63900B2C6DE /* CsioRTCVideoView.swift in Sources */,
				DC5D4E2220A7E9E000EDD5D7 /* CsioSignaling.swift in Sources */,
				DC3BA41420A86305004C2F77 /* CsioUtils.swift in Sources */,
				DC5D4E2820A800E100EDD5D7 /* CsioRTCDelegate.swift in Sources */,
				DC5D4E0120A7E83600EDD5D7 /* AppDelegate.swift in Sources */,
				DC5D4E2620A7F9A500EDD5D7 /* CsioRTC.swift in Sources */,
				DC3BA41620AFE087004C2F77 /* CallViewController.swift in Sources */,
				DC5D4E2420A7EFE900EDD5D7 /* CsioSignalingDelegate.swift in Sources */,
				DC3BA41720B01093004C2F77 /* MainViewController.swift in Sources */,
				DCF52D2320B1A42B00B2C6DE /* CsioRTCCameraCapturer.swift in Sources */,
			);
			runOnlyForDeploymentPostprocessing = 0;
		};
		DC5D4E0D20A7E83800EDD5D7 /* Sources */ = {
			isa = PBXSourcesBuildPhase;
			buildActionMask = 2147483647;
			files = (
				DC5D4E1620A7E83800EDD5D7 /* demoTests.swift in Sources */,
			);
			runOnlyForDeploymentPostprocessing = 0;
		};
		DCC9A00921551D4800A279CA /* Sources */ = {
			isa = PBXSourcesBuildPhase;
			buildActionMask = 2147483647;
			files = (
				DC9D19172157DBAB00E95EFE /* HttpClient.swift in Sources */,
				DCC9A02B21551E4700A279CA /* Callstats.swift in Sources */,
				DC9D191221577EEF00E95EFE /* EventSendingOperation.swift in Sources */,
				DC1E679E2168B8DC00AE7E35 /* RTCPeerConnection.swift in Sources */,
				DCC9A03721562C3300A279CA /* EventSender.swift in Sources */,
				DCC9A03221554D8900A279CA /* CallstatsConfig.swift in Sources */,
				DC1E67862163E6B600AE7E35 /* Feedback.swift in Sources */,
				DC1E67882164F09800AE7E35 /* Ssrc.swift in Sources */,
				DCC9A0302155410000A279CA /* CallstatsEvents.swift in Sources */,
				DC1E678A2164F68C00AE7E35 /* RTCSessionDescription.swift in Sources */,
				DCC9A02E21553D3100A279CA /* Interceptor.swift in Sources */,
				DCC9A03521562C0D00A279CA /* Event.swift in Sources */,
				DC9D19192157EAE800E95EFE /* Date.swift in Sources */,
				DC1E679C21687C0300AE7E35 /* FabricInterceptor.swift in Sources */,
				DC1E679021651D1F00AE7E35 /* FabricSetupFailedEvent.swift in Sources */,
				DC1E679221651DED00AE7E35 /* FabricStateChangeEvent.swift in Sources */,
				DCC9A03921562DA700A279CA /* CallstatsInjector.swift in Sources */,
				DC1E67842163E5EC00AE7E35 /* EndpointInfo.swift in Sources */,
				DC1E677D215E58E000AE7E35 /* MediaDevice.swift in Sources */,
				DC1E677A215E586400AE7E35 /* DeviceEvent.swift in Sources */,
				DC1E679A216520FA00AE7E35 /* FabricTerminatedEvent.swift in Sources */,
				DC1E67982165204600AE7E35 /* FabricDroppedEvent.swift in Sources */,
				DCC9A03C2156313500A279CA /* TokenRequest.swift in Sources */,
				DC1E67A02168C49F00AE7E35 /* RTCStats.swift in Sources */,
				DC1E679621651FB700AE7E35 /* FabricActionEvent.swift in Sources */,
				DC1E6780215E5DA600AE7E35 /* FabricEvent.swift in Sources */,
				DC1E678E2165185900AE7E35 /* IceCandidatePair.swift in Sources */,
				DC1E6782215E5E1900AE7E35 /* IceCandidate.swift in Sources */,
				DC1E679421651E8400AE7E35 /* FabricTransportChangeEvent.swift in Sources */,
				DC1E678C2165173600AE7E35 /* FabricSetupEvent.swift in Sources */,
			);
			runOnlyForDeploymentPostprocessing = 0;
		};
		DCC9A01121551D4800A279CA /* Sources */ = {
			isa = PBXSourcesBuildPhase;
			buildActionMask = 2147483647;
			files = (
				DC9D191521578C7200E95EFE /* EventTests.swift in Sources */,
				DC1E67A32168E16400AE7E35 /* FabricInterceptorTests.swift in Sources */,
				DCC9A01D21551D4800A279CA /* CallstatsTests.swift in Sources */,
				DC9D191B21592E1100E95EFE /* EventSendingOperationTests.swift in Sources */,
				DC1E6777215E49A100AE7E35 /* EventSenderTests.swift in Sources */,
			);
			runOnlyForDeploymentPostprocessing = 0;
		};
/* End PBXSourcesBuildPhase section */

/* Begin PBXTargetDependency section */
		DC1E67A52168EDF600AE7E35 /* PBXTargetDependency */ = {
			isa = PBXTargetDependency;
			target = DC5D4DFC20A7E83600EDD5D7 /* demo */;
			targetProxy = DC1E67A42168EDF600AE7E35 /* PBXContainerItemProxy */;
		};
		DC5D4E1320A7E83800EDD5D7 /* PBXTargetDependency */ = {
			isa = PBXTargetDependency;
			target = DC5D4DFC20A7E83600EDD5D7 /* demo */;
			targetProxy = DC5D4E1220A7E83800EDD5D7 /* PBXContainerItemProxy */;
		};
		DCC9A01821551D4800A279CA /* PBXTargetDependency */ = {
			isa = PBXTargetDependency;
			target = DCC9A00C21551D4800A279CA /* Callstats */;
			targetProxy = DCC9A01721551D4800A279CA /* PBXContainerItemProxy */;
		};
/* End PBXTargetDependency section */

/* Begin PBXVariantGroup section */
		DC5D4E0420A7E83600EDD5D7 /* Main.storyboard */ = {
			isa = PBXVariantGroup;
			children = (
				DC5D4E0520A7E83600EDD5D7 /* Base */,
			);
			name = Main.storyboard;
			sourceTree = "<group>";
		};
		DC5D4E0920A7E83800EDD5D7 /* LaunchScreen.storyboard */ = {
			isa = PBXVariantGroup;
			children = (
				DC5D4E0A20A7E83800EDD5D7 /* Base */,
			);
			name = LaunchScreen.storyboard;
			sourceTree = "<group>";
		};
/* End PBXVariantGroup section */

/* Begin XCBuildConfiguration section */
		DC5D4E1820A7E83800EDD5D7 /* Debug */ = {
			isa = XCBuildConfiguration;
			buildSettings = {
				ALWAYS_SEARCH_USER_PATHS = NO;
				CLANG_ANALYZER_NONNULL = YES;
				CLANG_ANALYZER_NUMBER_OBJECT_CONVERSION = YES_AGGRESSIVE;
				CLANG_CXX_LANGUAGE_STANDARD = "gnu++14";
				CLANG_CXX_LIBRARY = "libc++";
				CLANG_ENABLE_MODULES = YES;
				CLANG_ENABLE_OBJC_ARC = YES;
				CLANG_ENABLE_OBJC_WEAK = YES;
				CLANG_WARN_BLOCK_CAPTURE_AUTORELEASING = YES;
				CLANG_WARN_BOOL_CONVERSION = YES;
				CLANG_WARN_COMMA = YES;
				CLANG_WARN_CONSTANT_CONVERSION = YES;
				CLANG_WARN_DEPRECATED_OBJC_IMPLEMENTATIONS = YES;
				CLANG_WARN_DIRECT_OBJC_ISA_USAGE = YES_ERROR;
				CLANG_WARN_DOCUMENTATION_COMMENTS = YES;
				CLANG_WARN_EMPTY_BODY = YES;
				CLANG_WARN_ENUM_CONVERSION = YES;
				CLANG_WARN_INFINITE_RECURSION = YES;
				CLANG_WARN_INT_CONVERSION = YES;
				CLANG_WARN_NON_LITERAL_NULL_CONVERSION = YES;
				CLANG_WARN_OBJC_IMPLICIT_RETAIN_SELF = YES;
				CLANG_WARN_OBJC_LITERAL_CONVERSION = YES;
				CLANG_WARN_OBJC_ROOT_CLASS = YES_ERROR;
				CLANG_WARN_RANGE_LOOP_ANALYSIS = YES;
				CLANG_WARN_STRICT_PROTOTYPES = YES;
				CLANG_WARN_SUSPICIOUS_MOVE = YES;
				CLANG_WARN_UNGUARDED_AVAILABILITY = YES_AGGRESSIVE;
				CLANG_WARN_UNREACHABLE_CODE = YES;
				CLANG_WARN__DUPLICATE_METHOD_MATCH = YES;
				CODE_SIGN_IDENTITY = "iPhone Developer";
				COPY_PHASE_STRIP = NO;
				DEBUG_INFORMATION_FORMAT = dwarf;
				ENABLE_STRICT_OBJC_MSGSEND = YES;
				ENABLE_TESTABILITY = YES;
				GCC_C_LANGUAGE_STANDARD = gnu11;
				GCC_DYNAMIC_NO_PIC = NO;
				GCC_NO_COMMON_BLOCKS = YES;
				GCC_OPTIMIZATION_LEVEL = 0;
				GCC_PREPROCESSOR_DEFINITIONS = (
					"DEBUG=1",
					"$(inherited)",
				);
				GCC_WARN_64_TO_32_BIT_CONVERSION = YES;
				GCC_WARN_ABOUT_RETURN_TYPE = YES_ERROR;
				GCC_WARN_UNDECLARED_SELECTOR = YES;
				GCC_WARN_UNINITIALIZED_AUTOS = YES_AGGRESSIVE;
				GCC_WARN_UNUSED_FUNCTION = YES;
				GCC_WARN_UNUSED_VARIABLE = YES;
				IPHONEOS_DEPLOYMENT_TARGET = 11.3;
				MTL_ENABLE_DEBUG_INFO = YES;
				ONLY_ACTIVE_ARCH = YES;
				SDKROOT = iphoneos;
				SWIFT_ACTIVE_COMPILATION_CONDITIONS = DEBUG;
				SWIFT_OPTIMIZATION_LEVEL = "-Onone";
			};
			name = Debug;
		};
		DC5D4E1920A7E83800EDD5D7 /* Release */ = {
			isa = XCBuildConfiguration;
			buildSettings = {
				ALWAYS_SEARCH_USER_PATHS = NO;
				CLANG_ANALYZER_NONNULL = YES;
				CLANG_ANALYZER_NUMBER_OBJECT_CONVERSION = YES_AGGRESSIVE;
				CLANG_CXX_LANGUAGE_STANDARD = "gnu++14";
				CLANG_CXX_LIBRARY = "libc++";
				CLANG_ENABLE_MODULES = YES;
				CLANG_ENABLE_OBJC_ARC = YES;
				CLANG_ENABLE_OBJC_WEAK = YES;
				CLANG_WARN_BLOCK_CAPTURE_AUTORELEASING = YES;
				CLANG_WARN_BOOL_CONVERSION = YES;
				CLANG_WARN_COMMA = YES;
				CLANG_WARN_CONSTANT_CONVERSION = YES;
				CLANG_WARN_DEPRECATED_OBJC_IMPLEMENTATIONS = YES;
				CLANG_WARN_DIRECT_OBJC_ISA_USAGE = YES_ERROR;
				CLANG_WARN_DOCUMENTATION_COMMENTS = YES;
				CLANG_WARN_EMPTY_BODY = YES;
				CLANG_WARN_ENUM_CONVERSION = YES;
				CLANG_WARN_INFINITE_RECURSION = YES;
				CLANG_WARN_INT_CONVERSION = YES;
				CLANG_WARN_NON_LITERAL_NULL_CONVERSION = YES;
				CLANG_WARN_OBJC_IMPLICIT_RETAIN_SELF = YES;
				CLANG_WARN_OBJC_LITERAL_CONVERSION = YES;
				CLANG_WARN_OBJC_ROOT_CLASS = YES_ERROR;
				CLANG_WARN_RANGE_LOOP_ANALYSIS = YES;
				CLANG_WARN_STRICT_PROTOTYPES = YES;
				CLANG_WARN_SUSPICIOUS_MOVE = YES;
				CLANG_WARN_UNGUARDED_AVAILABILITY = YES_AGGRESSIVE;
				CLANG_WARN_UNREACHABLE_CODE = YES;
				CLANG_WARN__DUPLICATE_METHOD_MATCH = YES;
				CODE_SIGN_IDENTITY = "iPhone Developer";
				COPY_PHASE_STRIP = NO;
				DEBUG_INFORMATION_FORMAT = "dwarf-with-dsym";
				ENABLE_NS_ASSERTIONS = NO;
				ENABLE_STRICT_OBJC_MSGSEND = YES;
				GCC_C_LANGUAGE_STANDARD = gnu11;
				GCC_NO_COMMON_BLOCKS = YES;
				GCC_WARN_64_TO_32_BIT_CONVERSION = YES;
				GCC_WARN_ABOUT_RETURN_TYPE = YES_ERROR;
				GCC_WARN_UNDECLARED_SELECTOR = YES;
				GCC_WARN_UNINITIALIZED_AUTOS = YES_AGGRESSIVE;
				GCC_WARN_UNUSED_FUNCTION = YES;
				GCC_WARN_UNUSED_VARIABLE = YES;
				IPHONEOS_DEPLOYMENT_TARGET = 11.3;
				MTL_ENABLE_DEBUG_INFO = NO;
				SDKROOT = iphoneos;
				SWIFT_COMPILATION_MODE = wholemodule;
				SWIFT_OPTIMIZATION_LEVEL = "-O";
				VALIDATE_PRODUCT = YES;
			};
			name = Release;
		};
		DC5D4E1B20A7E83800EDD5D7 /* Debug */ = {
			isa = XCBuildConfiguration;
			baseConfigurationReference = F04780226D8E57AF557D2DFA /* Pods-demo.debug.xcconfig */;
			buildSettings = {
				ASSETCATALOG_COMPILER_APPICON_NAME = AppIcon;
				CODE_SIGN_IDENTITY = "iPhone Developer";
				CODE_SIGN_STYLE = Automatic;
				DEVELOPMENT_TEAM = 2VGCQTD9NR;
				ENABLE_BITCODE = NO;
				INFOPLIST_FILE = demo/Info.plist;
				LD_RUNPATH_SEARCH_PATHS = (
					"$(inherited)",
					"@executable_path/Frameworks",
				);
				PRODUCT_BUNDLE_IDENTIFIER = io.callstats.demo;
				PRODUCT_NAME = "$(TARGET_NAME)";
				PROVISIONING_PROFILE_SPECIFIER = "";
				SWIFT_VERSION = 4.0;
				TARGETED_DEVICE_FAMILY = "1,2";
			};
			name = Debug;
		};
		DC5D4E1C20A7E83800EDD5D7 /* Release */ = {
			isa = XCBuildConfiguration;
			baseConfigurationReference = 31DCC6DA845E727677657F33 /* Pods-demo.release.xcconfig */;
			buildSettings = {
				ASSETCATALOG_COMPILER_APPICON_NAME = AppIcon;
				CODE_SIGN_IDENTITY = "iPhone Developer";
				CODE_SIGN_STYLE = Automatic;
				DEVELOPMENT_TEAM = 2VGCQTD9NR;
				ENABLE_BITCODE = NO;
				INFOPLIST_FILE = demo/Info.plist;
				LD_RUNPATH_SEARCH_PATHS = (
					"$(inherited)",
					"@executable_path/Frameworks",
				);
				PRODUCT_BUNDLE_IDENTIFIER = io.callstats.demo;
				PRODUCT_NAME = "$(TARGET_NAME)";
				PROVISIONING_PROFILE_SPECIFIER = "";
				SWIFT_VERSION = 4.0;
				TARGETED_DEVICE_FAMILY = "1,2";
			};
			name = Release;
		};
		DC5D4E1E20A7E83800EDD5D7 /* Debug */ = {
			isa = XCBuildConfiguration;
			buildSettings = {
				ALWAYS_EMBED_SWIFT_STANDARD_LIBRARIES = YES;
				BUNDLE_LOADER = "$(TEST_HOST)";
				CODE_SIGN_STYLE = Automatic;
				INFOPLIST_FILE = demoTests/Info.plist;
				LD_RUNPATH_SEARCH_PATHS = (
					"$(inherited)",
					"@executable_path/Frameworks",
					"@loader_path/Frameworks",
				);
				PRODUCT_BUNDLE_IDENTIFIER = io.callstats.demoTests;
				PRODUCT_NAME = "$(TARGET_NAME)";
				SWIFT_VERSION = 4.0;
				TARGETED_DEVICE_FAMILY = "1,2";
				TEST_HOST = "$(BUILT_PRODUCTS_DIR)/demo.app/demo";
			};
			name = Debug;
		};
		DC5D4E1F20A7E83800EDD5D7 /* Release */ = {
			isa = XCBuildConfiguration;
			buildSettings = {
				ALWAYS_EMBED_SWIFT_STANDARD_LIBRARIES = YES;
				BUNDLE_LOADER = "$(TEST_HOST)";
				CODE_SIGN_STYLE = Automatic;
				INFOPLIST_FILE = demoTests/Info.plist;
				LD_RUNPATH_SEARCH_PATHS = (
					"$(inherited)",
					"@executable_path/Frameworks",
					"@loader_path/Frameworks",
				);
				PRODUCT_BUNDLE_IDENTIFIER = io.callstats.demoTests;
				PRODUCT_NAME = "$(TARGET_NAME)";
				SWIFT_VERSION = 4.0;
				TARGETED_DEVICE_FAMILY = "1,2";
				TEST_HOST = "$(BUILT_PRODUCTS_DIR)/demo.app/demo";
			};
			name = Release;
		};
		DCC9A02521551D4800A279CA /* Debug */ = {
			isa = XCBuildConfiguration;
			baseConfigurationReference = 88AF036F70D971D019000EF4 /* Pods-Callstats.debug.xcconfig */;
			buildSettings = {
				CLANG_ENABLE_MODULES = YES;
				CODE_SIGN_IDENTITY = "iPhone Developer";
				CODE_SIGN_STYLE = Automatic;
				CURRENT_PROJECT_VERSION = 1;
				DEFINES_MODULE = YES;
				DEVELOPMENT_TEAM = 2VGCQTD9NR;
				DYLIB_COMPATIBILITY_VERSION = 1;
				DYLIB_CURRENT_VERSION = 1;
				DYLIB_INSTALL_NAME_BASE = "@rpath";
				INFOPLIST_FILE = Callstats/Info.plist;
				INSTALL_PATH = "$(LOCAL_LIBRARY_DIR)/Frameworks";
				IPHONEOS_DEPLOYMENT_TARGET = 9.0;
				LD_RUNPATH_SEARCH_PATHS = (
					"$(inherited)",
					"@executable_path/Frameworks",
					"@loader_path/Frameworks",
				);
				MTL_ENABLE_DEBUG_INFO = INCLUDE_SOURCE;
				MTL_FAST_MATH = YES;
				PRODUCT_BUNDLE_IDENTIFIER = io.callstats.Callstats;
				PRODUCT_NAME = "$(TARGET_NAME:c99extidentifier)";
				SKIP_INSTALL = YES;
				SWIFT_OPTIMIZATION_LEVEL = "-Onone";
				SWIFT_VERSION = 4.2;
				TARGETED_DEVICE_FAMILY = "1,2";
				VERSIONING_SYSTEM = "apple-generic";
				VERSION_INFO_PREFIX = "";
			};
			name = Debug;
		};
		DCC9A02621551D4800A279CA /* Release */ = {
			isa = XCBuildConfiguration;
			baseConfigurationReference = 1B1A7D711B11EA5468B76160 /* Pods-Callstats.release.xcconfig */;
			buildSettings = {
				CLANG_ENABLE_MODULES = YES;
				CODE_SIGN_IDENTITY = "iPhone Developer";
				CODE_SIGN_STYLE = Automatic;
				CURRENT_PROJECT_VERSION = 1;
				DEFINES_MODULE = YES;
				DEVELOPMENT_TEAM = 2VGCQTD9NR;
				DYLIB_COMPATIBILITY_VERSION = 1;
				DYLIB_CURRENT_VERSION = 1;
				DYLIB_INSTALL_NAME_BASE = "@rpath";
				INFOPLIST_FILE = Callstats/Info.plist;
				INSTALL_PATH = "$(LOCAL_LIBRARY_DIR)/Frameworks";
				IPHONEOS_DEPLOYMENT_TARGET = 9.0;
				LD_RUNPATH_SEARCH_PATHS = (
					"$(inherited)",
					"@executable_path/Frameworks",
					"@loader_path/Frameworks",
				);
				MTL_FAST_MATH = YES;
				PRODUCT_BUNDLE_IDENTIFIER = io.callstats.Callstats;
				PRODUCT_NAME = "$(TARGET_NAME:c99extidentifier)";
				SKIP_INSTALL = YES;
				SWIFT_VERSION = 4.2;
				TARGETED_DEVICE_FAMILY = "1,2";
				VERSIONING_SYSTEM = "apple-generic";
				VERSION_INFO_PREFIX = "";
			};
			name = Release;
		};
		DCC9A02821551D4800A279CA /* Debug */ = {
			isa = XCBuildConfiguration;
			baseConfigurationReference = 3ECCB7E0A68E0DBCBC7D5C04 /* Pods-CallstatsTests.debug.xcconfig */;
			buildSettings = {
				ALWAYS_EMBED_SWIFT_STANDARD_LIBRARIES = YES;
				CODE_SIGN_STYLE = Automatic;
				INFOPLIST_FILE = CallstatsTests/Info.plist;
				IPHONEOS_DEPLOYMENT_TARGET = 9.0;
				LD_RUNPATH_SEARCH_PATHS = (
					"$(inherited)",
					"@executable_path/Frameworks",
					"@loader_path/Frameworks",
				);
				MTL_ENABLE_DEBUG_INFO = INCLUDE_SOURCE;
				MTL_FAST_MATH = YES;
				PRODUCT_BUNDLE_IDENTIFIER = io.callstats.CallstatsTests;
				PRODUCT_NAME = "$(TARGET_NAME)";
				SWIFT_VERSION = 4.2;
				TARGETED_DEVICE_FAMILY = "1,2";
				TEST_HOST = "$(BUILT_PRODUCTS_DIR)/demo.app/demo";
			};
			name = Debug;
		};
		DCC9A02921551D4800A279CA /* Release */ = {
			isa = XCBuildConfiguration;
			baseConfigurationReference = 8A9A26D1F3F8F01CC01B7206 /* Pods-CallstatsTests.release.xcconfig */;
			buildSettings = {
				ALWAYS_EMBED_SWIFT_STANDARD_LIBRARIES = YES;
				CODE_SIGN_STYLE = Automatic;
				INFOPLIST_FILE = CallstatsTests/Info.plist;
				IPHONEOS_DEPLOYMENT_TARGET = 9.0;
				LD_RUNPATH_SEARCH_PATHS = (
					"$(inherited)",
					"@executable_path/Frameworks",
					"@loader_path/Frameworks",
				);
				MTL_FAST_MATH = YES;
				PRODUCT_BUNDLE_IDENTIFIER = io.callstats.CallstatsTests;
				PRODUCT_NAME = "$(TARGET_NAME)";
				SWIFT_VERSION = 4.2;
				TARGETED_DEVICE_FAMILY = "1,2";
				TEST_HOST = "$(BUILT_PRODUCTS_DIR)/demo.app/demo";
			};
			name = Release;
		};
/* End XCBuildConfiguration section */

/* Begin XCConfigurationList section */
		DC5D4DF820A7E83600EDD5D7 /* Build configuration list for PBXProject "callstats-ios" */ = {
			isa = XCConfigurationList;
			buildConfigurations = (
				DC5D4E1820A7E83800EDD5D7 /* Debug */,
				DC5D4E1920A7E83800EDD5D7 /* Release */,
			);
			defaultConfigurationIsVisible = 0;
			defaultConfigurationName = Release;
		};
		DC5D4E1A20A7E83800EDD5D7 /* Build configuration list for PBXNativeTarget "demo" */ = {
			isa = XCConfigurationList;
			buildConfigurations = (
				DC5D4E1B20A7E83800EDD5D7 /* Debug */,
				DC5D4E1C20A7E83800EDD5D7 /* Release */,
			);
			defaultConfigurationIsVisible = 0;
			defaultConfigurationName = Release;
		};
		DC5D4E1D20A7E83800EDD5D7 /* Build configuration list for PBXNativeTarget "demoTests" */ = {
			isa = XCConfigurationList;
			buildConfigurations = (
				DC5D4E1E20A7E83800EDD5D7 /* Debug */,
				DC5D4E1F20A7E83800EDD5D7 /* Release */,
			);
			defaultConfigurationIsVisible = 0;
			defaultConfigurationName = Release;
		};
		DCC9A02421551D4800A279CA /* Build configuration list for PBXNativeTarget "Callstats" */ = {
			isa = XCConfigurationList;
			buildConfigurations = (
				DCC9A02521551D4800A279CA /* Debug */,
				DCC9A02621551D4800A279CA /* Release */,
			);
			defaultConfigurationIsVisible = 0;
			defaultConfigurationName = Release;
		};
		DCC9A02721551D4800A279CA /* Build configuration list for PBXNativeTarget "CallstatsTests" */ = {
			isa = XCConfigurationList;
			buildConfigurations = (
				DCC9A02821551D4800A279CA /* Debug */,
				DCC9A02921551D4800A279CA /* Release */,
			);
			defaultConfigurationIsVisible = 0;
			defaultConfigurationName = Release;
		};
/* End XCConfigurationList section */
	};
	rootObject = DC5D4DF520A7E83600EDD5D7 /* Project object */;
}
